
Microsoft Visual Studio Solution File, Format Version 12.00
# Visual Studio Version 17
VisualStudioVersion = 17.7.34024.191
MinimumVisualStudioVersion = 10.0.40219.1
Project("{9A19103F-16F7-4668-BE54-9A1E7A4F7556}") = "WritingFunctions", "WritingFunctions\WritingFunctions.csproj", "{4A1326E3-C558-403E-AE2D-D560A2300156}"
EndProject
Project("{9A19103F-16F7-4668-BE54-9A1E7A4F7556}") = "Debugging", "Debugging\Debugging.csproj", "{140386C9-C313-4178-912D-09DF9CF2FA77}"
EndProject
Project("{FAE04EC0-301F-11D3-BF4B-00C04F79EFBC}") = "Instrumenting", "Instrumenting\Instrumenting.csproj", "{B6FF84B8-80FB-4773-9B92-0F13A24DCB6D}"
EndProject
Project("{FAE04EC0-301F-11D3-BF4B-00C04F79EFBC}") = "CalculatorLib", "CalculatorLib\CalculatorLib.csproj", "{86F4BF13-555B-47CF-B1A8-9C44F904E6B0}"
EndProject
Project("{FAE04EC0-301F-11D3-BF4B-00C04F79EFBC}") = "CalculatorLibUnitTests", "CalculatorLibUnitTests\CalculatorLibUnitTests.csproj", "{DFBB4A3B-DE0E-4451-A466-C54F8FB461DE}"
EndProject
Project("{FAE04EC0-301F-11D3-BF4B-00C04F79EFBC}") = "CallStackExceptionHandlingLib", "CallStackExceptionHandlingLib\CallStackExceptionHandlingLib.csproj", "{F84C7BEE-3B3E-4354-9887-F1E4E82C01E2}"
EndProject
Project("{FAE04EC0-301F-11D3-BF4B-00C04F79EFBC}") = "CallStackExceptionHandling", "CallStackExceptionHandling\CallStackExceptionHandling.csproj", "{84B832C3-5870-49BE-9B6B-C1EFA7C45172}"
EndProject
Global
	GlobalSection(SolutionConfigurationPlatforms) = preSolution
		Debug|Any CPU = Debug|Any CPU
		Release|Any CPU = Release|Any CPU
	EndGlobalSection
	GlobalSection(ProjectConfigurationPlatforms) = postSolution
		{4A1326E3-C558-403E-AE2D-D560A2300156}.Debug|Any CPU.ActiveCfg = Debug|Any CPU
		{4A1326E3-C558-403E-AE2D-D560A2300156}.Debug|Any CPU.Build.0 = Debug|Any CPU
		{4A1326E3-C558-403E-AE2D-D560A2300156}.Release|Any CPU.ActiveCfg = Release|Any CPU
		{4A1326E3-C558-403E-AE2D-D560A2300156}.Release|Any CPU.Build.0 = Release|Any CPU
		{140386C9-C313-4178-912D-09DF9CF2FA77}.Debug|Any CPU.ActiveCfg = Debug|Any CPU
		{140386C9-C313-4178-912D-09DF9CF2FA77}.Debug|Any CPU.Build.0 = Debug|Any CPU
		{140386C9-C313-4178-912D-09DF9CF2FA77}.Release|Any CPU.ActiveCfg = Release|Any CPU
		{140386C9-C313-4178-912D-09DF9CF2FA77}.Release|Any CPU.Build.0 = Release|Any CPU
		{B6FF84B8-80FB-4773-9B92-0F13A24DCB6D}.Debug|Any CPU.ActiveCfg = Debug|Any CPU
		{B6FF84B8-80FB-4773-9B92-0F13A24DCB6D}.Debug|Any CPU.Build.0 = Debug|Any CPU
		{B6FF84B8-80FB-4773-9B92-0F13A24DCB6D}.Release|Any CPU.ActiveCfg = Release|Any CPU
		{B6FF84B8-80FB-4773-9B92-0F13A24DCB6D}.Release|Any CPU.Build.0 = Release|Any CPU
		{86F4BF13-555B-47CF-B1A8-9C44F904E6B0}.Debug|Any CPU.ActiveCfg = Debug|Any CPU
		{86F4BF13-555B-47CF-B1A8-9C44F904E6B0}.Debug|Any CPU.Build.0 = Debug|Any CPU
		{86F4BF13-555B-47CF-B1A8-9C44F904E6B0}.Release|Any CPU.ActiveCfg = Release|Any CPU
		{86F4BF13-555B-47CF-B1A8-9C44F904E6B0}.Release|Any CPU.Build.0 = Release|Any CPU
		{DFBB4A3B-DE0E-4451-A466-C54F8FB461DE}.Debug|Any CPU.ActiveCfg = Debug|Any CPU
		{DFBB4A3B-DE0E-4451-A466-C54F8FB461DE}.Debug|Any CPU.Build.0 = Debug|Any CPU
		{DFBB4A3B-DE0E-4451-A466-C54F8FB461DE}.Release|Any CPU.ActiveCfg = Release|Any CPU
		{DFBB4A3B-DE0E-4451-A466-C54F8FB461DE}.Release|Any CPU.Build.0 = Release|Any CPU
		{F84C7BEE-3B3E-4354-9887-F1E4E82C01E2}.Debug|Any CPU.ActiveCfg = Debug|Any CPU
		{F84C7BEE-3B3E-4354-9887-F1E4E82C01E2}.Debug|Any CPU.Build.0 = Debug|Any CPU
		{F84C7BEE-3B3E-4354-9887-F1E4E82C01E2}.Release|Any CPU.ActiveCfg = Release|Any CPU
		{F84C7BEE-3B3E-4354-9887-F1E4E82C01E2}.Release|Any CPU.Build.0 = Release|Any CPU
		{84B832C3-5870-49BE-9B6B-C1EFA7C45172}.Debug|Any CPU.ActiveCfg = Debug|Any CPU
		{84B832C3-5870-49BE-9B6B-C1EFA7C45172}.Debug|Any CPU.Build.0 = Debug|Any CPU
		{84B832C3-5870-49BE-9B6B-C1EFA7C45172}.Release|Any CPU.ActiveCfg = Release|Any CPU
		{84B832C3-5870-49BE-9B6B-C1EFA7C45172}.Release|Any CPU.Build.0 = Release|Any CPU
	EndGlobalSection
	GlobalSection(SolutionProperties) = preSolution
		HideSolutionNode = FALSE
	EndGlobalSection
	GlobalSection(ExtensibilityGlobals) = postSolution
		SolutionGuid = {A63CAF49-415E-43FE-A7D0-ADEBC99690A1}
	EndGlobalSection
EndGlobal
