
Microsoft Visual Studio Solution File, Format Version 12.00
# Visual Studio Version 17
VisualStudioVersion = 17.7.34024.191
MinimumVisualStudioVersion = 10.0.40219.1
Project("{FAE04EC0-301F-11D3-BF4B-00C04F79EFBC}") = "PacktLibrary", "PacktLibrary\PacktLibrary.csproj", "{B3DFD4C7-7CB6-43F8-AA78-53D93B8D6883}"
EndProject
Project("{FAE04EC0-301F-11D3-BF4B-00C04F79EFBC}") = "PeopleApp", "PeopleApp\PeopleApp.csproj", "{282354A2-27B9-4856-8973-B18F79B32ABC}"
EndProject
Global
	GlobalSection(SolutionConfigurationPlatforms) = preSolution
		Debug|Any CPU = Debug|Any CPU
		Release|Any CPU = Release|Any CPU
	EndGlobalSection
	GlobalSection(ProjectConfigurationPlatforms) = postSolution
		{B3DFD4C7-7CB6-43F8-AA78-53D93B8D6883}.Debug|Any CPU.ActiveCfg = Debug|Any CPU
		{B3DFD4C7-7CB6-43F8-AA78-53D93B8D6883}.Debug|Any CPU.Build.0 = Debug|Any CPU
		{B3DFD4C7-7CB6-43F8-AA78-53D93B8D6883}.Release|Any CPU.ActiveCfg = Release|Any CPU
		{B3DFD4C7-7CB6-43F8-AA78-53D93B8D6883}.Release|Any CPU.Build.0 = Release|Any CPU
		{282354A2-27B9-4856-8973-B18F79B32ABC}.Debug|Any CPU.ActiveCfg = Debug|Any CPU
		{282354A2-27B9-4856-8973-B18F79B32ABC}.Debug|Any CPU.Build.0 = Debug|Any CPU
		{282354A2-27B9-4856-8973-B18F79B32ABC}.Release|Any CPU.ActiveCfg = Release|Any CPU
		{282354A2-27B9-4856-8973-B18F79B32ABC}.Release|Any CPU.Build.0 = Release|Any CPU
	EndGlobalSection
	GlobalSection(SolutionProperties) = preSolution
		HideSolutionNode = FALSE
	EndGlobalSection
	GlobalSection(ExtensibilityGlobals) = postSolution
		SolutionGuid = {B7FE5292-928A-4B37-A0B8-C488C55891C1}
	EndGlobalSection
EndGlobal
